
Microsoft Visual Studio Solution File, Format Version 12.00
# Visual Studio Version 17
VisualStudioVersion = 17.2.32630.192
MinimumVisualStudioVersion = 10.0.40219.1
Project("{8BC9CEB8-8B4A-11D0-8D11-00A0C91BC942}") = "Clase1", "Clase1\Clase1.vcxproj", "{4D21FABE-CAAB-41CD-BEB0-468D7EB50EEC}"
EndProject
Project("{8BC9CEB8-8B4A-11D0-8D11-00A0C91BC942}") = "NumerosEnLetras", "NumerosEnLetras\NumerosEnLetras.vcxproj", "{41FD18FD-D9BE-4B43-849D-E8A139D883F0}"
EndProject
Project("{8BC9CEB8-8B4A-11D0-8D11-00A0C91BC942}") = "Floreros", "Floreros\Floreros.vcxproj", "{F780EB11-DADE-4F13-AC04-B3977A42FCCE}"
EndProject
Project("{8BC9CEB8-8B4A-11D0-8D11-00A0C91BC942}") = "CadenaMasLarga", "CadenaMasLarga\CadenaMasLarga.vcxproj", "{46B81218-4967-4032-9406-CB708D4F7E65}"
EndProject
Project("{8BC9CEB8-8B4A-11D0-8D11-00A0C91BC942}") = "ConvertirNumerosEnLetras", "ConvertirNumerosEnLetras\ConvertirNumerosEnLetras.vcxproj", "{16CCF012-8DEB-4AE4-AB31-D50A851F8422}"
EndProject
Project("{8BC9CEB8-8B4A-11D0-8D11-00A0C91BC942}") = "Fibonacci", "Fibonacci\Fibonacci.vcxproj", "{276B478D-60FB-4F51-8D93-0C1F98034840}"
EndProject
Project("{8BC9CEB8-8B4A-11D0-8D11-00A0C91BC942}") = "TicTacTOe", "TicTacTOe\TicTacTOe.vcxproj", "{3DA03037-4383-4C58-99C1-29D4DF041261}"
EndProject
Project("{8BC9CEB8-8B4A-11D0-8D11-00A0C91BC942}") = "DibujarCirculo", "DibujarCirculo\DibujarCirculo.vcxproj", "{43A73346-AF4D-493A-83D0-F2FF5BE83C05}"
EndProject
Project("{8BC9CEB8-8B4A-11D0-8D11-00A0C91BC942}") = "Mochila", "Mochila\Mochila.vcxproj", "{F70676CF-FF83-4689-9A57-38237D79BF7F}"
EndProject
Global
	GlobalSection(SolutionConfigurationPlatforms) = preSolution
		Debug|x64 = Debug|x64
		Debug|x86 = Debug|x86
		Release|x64 = Release|x64
		Release|x86 = Release|x86
	EndGlobalSection
	GlobalSection(ProjectConfigurationPlatforms) = postSolution
		{4D21FABE-CAAB-41CD-BEB0-468D7EB50EEC}.Debug|x64.ActiveCfg = Debug|x64
		{4D21FABE-CAAB-41CD-BEB0-468D7EB50EEC}.Debug|x64.Build.0 = Debug|x64
		{4D21FABE-CAAB-41CD-BEB0-468D7EB50EEC}.Debug|x86.ActiveCfg = Debug|Win32
		{4D21FABE-CAAB-41CD-BEB0-468D7EB50EEC}.Debug|x86.Build.0 = Debug|Win32
		{4D21FABE-CAAB-41CD-BEB0-468D7EB50EEC}.Release|x64.ActiveCfg = Release|x64
		{4D21FABE-CAAB-41CD-BEB0-468D7EB50EEC}.Release|x64.Build.0 = Release|x64
		{4D21FABE-CAAB-41CD-BEB0-468D7EB50EEC}.Release|x86.ActiveCfg = Release|Win32
		{4D21FABE-CAAB-41CD-BEB0-468D7EB50EEC}.Release|x86.Build.0 = Release|Win32
		{41FD18FD-D9BE-4B43-849D-E8A139D883F0}.Debug|x64.ActiveCfg = Debug|x64
		{41FD18FD-D9BE-4B43-849D-E8A139D883F0}.Debug|x64.Build.0 = Debug|x64
		{41FD18FD-D9BE-4B43-849D-E8A139D883F0}.Debug|x86.ActiveCfg = Debug|Win32
		{41FD18FD-D9BE-4B43-849D-E8A139D883F0}.Debug|x86.Build.0 = Debug|Win32
		{41FD18FD-D9BE-4B43-849D-E8A139D883F0}.Release|x64.ActiveCfg = Release|x64
		{41FD18FD-D9BE-4B43-849D-E8A139D883F0}.Release|x64.Build.0 = Release|x64
		{41FD18FD-D9BE-4B43-849D-E8A139D883F0}.Release|x86.ActiveCfg = Release|Win32
		{41FD18FD-D9BE-4B43-849D-E8A139D883F0}.Release|x86.Build.0 = Release|Win32
		{F780EB11-DADE-4F13-AC04-B3977A42FCCE}.Debug|x64.ActiveCfg = Debug|x64
		{F780EB11-DADE-4F13-AC04-B3977A42FCCE}.Debug|x64.Build.0 = Debug|x64
		{F780EB11-DADE-4F13-AC04-B3977A42FCCE}.Debug|x86.ActiveCfg = Debug|Win32
		{F780EB11-DADE-4F13-AC04-B3977A42FCCE}.Debug|x86.Build.0 = Debug|Win32
		{F780EB11-DADE-4F13-AC04-B3977A42FCCE}.Release|x64.ActiveCfg = Release|x64
		{F780EB11-DADE-4F13-AC04-B3977A42FCCE}.Release|x64.Build.0 = Release|x64
		{F780EB11-DADE-4F13-AC04-B3977A42FCCE}.Release|x86.ActiveCfg = Release|Win32
		{F780EB11-DADE-4F13-AC04-B3977A42FCCE}.Release|x86.Build.0 = Release|Win32
		{46B81218-4967-4032-9406-CB708D4F7E65}.Debug|x64.ActiveCfg = Debug|x64
		{46B81218-4967-4032-9406-CB708D4F7E65}.Debug|x64.Build.0 = Debug|x64
		{46B81218-4967-4032-9406-CB708D4F7E65}.Debug|x86.ActiveCfg = Debug|Win32
		{46B81218-4967-4032-9406-CB708D4F7E65}.Debug|x86.Build.0 = Debug|Win32
		{46B81218-4967-4032-9406-CB708D4F7E65}.Release|x64.ActiveCfg = Release|x64
		{46B81218-4967-4032-9406-CB708D4F7E65}.Release|x64.Build.0 = Release|x64
		{46B81218-4967-4032-9406-CB708D4F7E65}.Release|x86.ActiveCfg = Release|Win32
		{46B81218-4967-4032-9406-CB708D4F7E65}.Release|x86.Build.0 = Release|Win32
		{16CCF012-8DEB-4AE4-AB31-D50A851F8422}.Debug|x64.ActiveCfg = Debug|x64
		{16CCF012-8DEB-4AE4-AB31-D50A851F8422}.Debug|x64.Build.0 = Debug|x64
		{16CCF012-8DEB-4AE4-AB31-D50A851F8422}.Debug|x86.ActiveCfg = Debug|Win32
		{16CCF012-8DEB-4AE4-AB31-D50A851F8422}.Debug|x86.Build.0 = Debug|Win32
		{16CCF012-8DEB-4AE4-AB31-D50A851F8422}.Release|x64.ActiveCfg = Release|x64
		{16CCF012-8DEB-4AE4-AB31-D50A851F8422}.Release|x64.Build.0 = Release|x64
		{16CCF012-8DEB-4AE4-AB31-D50A851F8422}.Release|x86.ActiveCfg = Release|Win32
		{16CCF012-8DEB-4AE4-AB31-D50A851F8422}.Release|x86.Build.0 = Release|Win32
		{276B478D-60FB-4F51-8D93-0C1F98034840}.Debug|x64.ActiveCfg = Debug|x64
		{276B478D-60FB-4F51-8D93-0C1F98034840}.Debug|x64.Build.0 = Debug|x64
		{276B478D-60FB-4F51-8D93-0C1F98034840}.Debug|x86.ActiveCfg = Debug|Win32
		{276B478D-60FB-4F51-8D93-0C1F98034840}.Debug|x86.Build.0 = Debug|Win32
		{276B478D-60FB-4F51-8D93-0C1F98034840}.Release|x64.ActiveCfg = Release|x64
		{276B478D-60FB-4F51-8D93-0C1F98034840}.Release|x64.Build.0 = Release|x64
		{276B478D-60FB-4F51-8D93-0C1F98034840}.Release|x86.ActiveCfg = Release|Win32
		{276B478D-60FB-4F51-8D93-0C1F98034840}.Release|x86.Build.0 = Release|Win32
		{3DA03037-4383-4C58-99C1-29D4DF041261}.Debug|x64.ActiveCfg = Debug|x64
		{3DA03037-4383-4C58-99C1-29D4DF041261}.Debug|x64.Build.0 = Debug|x64
		{3DA03037-4383-4C58-99C1-29D4DF041261}.Debug|x86.ActiveCfg = Debug|Win32
		{3DA03037-4383-4C58-99C1-29D4DF041261}.Debug|x86.Build.0 = Debug|Win32
		{3DA03037-4383-4C58-99C1-29D4DF041261}.Release|x64.ActiveCfg = Release|x64
		{3DA03037-4383-4C58-99C1-29D4DF041261}.Release|x64.Build.0 = Release|x64
		{3DA03037-4383-4C58-99C1-29D4DF041261}.Release|x86.ActiveCfg = Release|Win32
		{3DA03037-4383-4C58-99C1-29D4DF041261}.Release|x86.Build.0 = Release|Win32
		{43A73346-AF4D-493A-83D0-F2FF5BE83C05}.Debug|x64.ActiveCfg = Debug|x64
		{43A73346-AF4D-493A-83D0-F2FF5BE83C05}.Debug|x64.Build.0 = Debug|x64
		{43A73346-AF4D-493A-83D0-F2FF5BE83C05}.Debug|x86.ActiveCfg = Debug|Win32
		{43A73346-AF4D-493A-83D0-F2FF5BE83C05}.Debug|x86.Build.0 = Debug|Win32
		{43A73346-AF4D-493A-83D0-F2FF5BE83C05}.Release|x64.ActiveCfg = Release|x64
		{43A73346-AF4D-493A-83D0-F2FF5BE83C05}.Release|x64.Build.0 = Release|x64
		{43A73346-AF4D-493A-83D0-F2FF5BE83C05}.Release|x86.ActiveCfg = Release|Win32
		{43A73346-AF4D-493A-83D0-F2FF5BE83C05}.Release|x86.Build.0 = Release|Win32
		{F70676CF-FF83-4689-9A57-38237D79BF7F}.Debug|x64.ActiveCfg = Debug|x64
		{F70676CF-FF83-4689-9A57-38237D79BF7F}.Debug|x64.Build.0 = Debug|x64
		{F70676CF-FF83-4689-9A57-38237D79BF7F}.Debug|x86.ActiveCfg = Debug|Win32
		{F70676CF-FF83-4689-9A57-38237D79BF7F}.Debug|x86.Build.0 = Debug|Win32
		{F70676CF-FF83-4689-9A57-38237D79BF7F}.Release|x64.ActiveCfg = Release|x64
		{F70676CF-FF83-4689-9A57-38237D79BF7F}.Release|x64.Build.0 = Release|x64
		{F70676CF-FF83-4689-9A57-38237D79BF7F}.Release|x86.ActiveCfg = Release|Win32
		{F70676CF-FF83-4689-9A57-38237D79BF7F}.Release|x86.Build.0 = Release|Win32
	EndGlobalSection
	GlobalSection(SolutionProperties) = preSolution
		HideSolutionNode = FALSE
	EndGlobalSection
	GlobalSection(ExtensibilityGlobals) = postSolution
		SolutionGuid = {F3395FB6-1478-46A4-8A94-8583D9475E7E}
	EndGlobalSection
EndGlobal
